// !$*UTF8*$!
{
	archiveVersion = 1;
	classes = {
	};
	objectVersion = 52;
	objects = {

/* Begin PBXBuildFile section */
		D50CD47C2771ED37008BF8AB /* DequeueCell.swift in Sources */ = {isa = PBXBuildFile; fileRef = D50CD47B2771ED37008BF8AB /* DequeueCell.swift */; };
		D50CD47E2771F662008BF8AB /* SortOption.swift in Sources */ = {isa = PBXBuildFile; fileRef = D50CD47D2771F662008BF8AB /* SortOption.swift */; };
		D523F2202770C3A0004DBADF /* AppFont.swift in Sources */ = {isa = PBXBuildFile; fileRef = D523F21F2770C3A0004DBADF /* AppFont.swift */; };
		D523F2222770C3AF004DBADF /* CollectionViewCells.swift in Sources */ = {isa = PBXBuildFile; fileRef = D523F2212770C3AF004DBADF /* CollectionViewCells.swift */; };
		D523F2242771D6DA004DBADF /* ValidationError.swift in Sources */ = {isa = PBXBuildFile; fileRef = D523F2232771D6DA004DBADF /* ValidationError.swift */; };
		D523F2262771D6E8004DBADF /* String+isAlphanumeric.swift in Sources */ = {isa = PBXBuildFile; fileRef = D523F2252771D6E8004DBADF /* String+isAlphanumeric.swift */; };
		D523F2282771D70B004DBADF /* Post.swift in Sources */ = {isa = PBXBuildFile; fileRef = D523F2272771D70B004DBADF /* Post.swift */; };
		D523F22D2771D741004DBADF /* ConcretePost.swift in Sources */ = {isa = PBXBuildFile; fileRef = D523F22C2771D741004DBADF /* ConcretePost.swift */; };
		D54BE3FD2760FAC10076C370 /* HomeViewController.swift in Sources */ = {isa = PBXBuildFile; fileRef = D54BE3FB2760FAC10076C370 /* HomeViewController.swift */; };
		D54BE3FE2760FAC10076C370 /* HomeViewController.xib in Resources */ = {isa = PBXBuildFile; fileRef = D54BE3FC2760FAC10076C370 /* HomeViewController.xib */; };
		D54BE4012760FBF50076C370 /* CollectionViewCell.swift in Sources */ = {isa = PBXBuildFile; fileRef = D54BE3FF2760FBF50076C370 /* CollectionViewCell.swift */; };
		D54EBBD827673FB600148E48 /* SignUpViewController.swift in Sources */ = {isa = PBXBuildFile; fileRef = D54EBBD727673FB600148E48 /* SignUpViewController.swift */; };
		D54EBBDA276740AA00148E48 /* SignUpPresenter.swift in Sources */ = {isa = PBXBuildFile; fileRef = D54EBBD9276740AA00148E48 /* SignUpPresenter.swift */; };
		D54EBBDC276740B800148E48 /* SignUpConfigurator.swift in Sources */ = {isa = PBXBuildFile; fileRef = D54EBBDB276740B800148E48 /* SignUpConfigurator.swift */; };
		D557ACD1276B731F003EA877 /* WebViewController.swift in Sources */ = {isa = PBXBuildFile; fileRef = D557ACD0276B731F003EA877 /* WebViewController.swift */; };
		D557ACD4276B7710003EA877 /* WebPresenter.swift in Sources */ = {isa = PBXBuildFile; fileRef = D557ACD3276B7710003EA877 /* WebPresenter.swift */; };
		D557ACD6276B7829003EA877 /* WebConfigurator.swift in Sources */ = {isa = PBXBuildFile; fileRef = D557ACD5276B7829003EA877 /* WebConfigurator.swift */; };
		D557ACD8276B7DD4003EA877 /* WebRouter.swift in Sources */ = {isa = PBXBuildFile; fileRef = D557ACD7276B7DD4003EA877 /* WebRouter.swift */; };
		D55FB0BC276A1B4100AAA6DB /* FileManagerExtension.swift in Sources */ = {isa = PBXBuildFile; fileRef = D55FB0BB276A1B4100AAA6DB /* FileManagerExtension.swift */; };
		D55FB0C1276A1C1000AAA6DB /* JSONService.swift in Sources */ = {isa = PBXBuildFile; fileRef = D55FB0C0276A1C1000AAA6DB /* JSONService.swift */; };
		D5604F822768AA5000E07C0C /* KeychainSwift in Frameworks */ = {isa = PBXBuildFile; productRef = D5604F812768AA5000E07C0C /* KeychainSwift */; };
		D5604F852768C57A00E07C0C /* UserForm.swift in Sources */ = {isa = PBXBuildFile; fileRef = D5604F842768C57A00E07C0C /* UserForm.swift */; };
		D5604F872768CDB100E07C0C /* SignUpRouter.swift in Sources */ = {isa = PBXBuildFile; fileRef = D5604F862768CDB100E07C0C /* SignUpRouter.swift */; };
		D5604F8A2768CF0F00E07C0C /* BaseNavigationController.swift in Sources */ = {isa = PBXBuildFile; fileRef = D5604F892768CF0F00E07C0C /* BaseNavigationController.swift */; };
		D56B4B0C2763463500CEE6A8 /* SelfSizingCollectionCell.swift in Sources */ = {isa = PBXBuildFile; fileRef = D56B4B0B2763463500CEE6A8 /* SelfSizingCollectionCell.swift */; };
		D5738C472768962B00535AE6 /* UIViewChildsExtension.swift in Sources */ = {isa = PBXBuildFile; fileRef = D5738C462768962B00535AE6 /* UIViewChildsExtension.swift */; };
		D5738C49276896A400535AE6 /* DateExtension.swift in Sources */ = {isa = PBXBuildFile; fileRef = D5738C48276896A400535AE6 /* DateExtension.swift */; };
		D5738C4B276896C900535AE6 /* NetworkModel.swift in Sources */ = {isa = PBXBuildFile; fileRef = D5738C4A276896C900535AE6 /* NetworkModel.swift */; };
		D5738C522768A1E900535AE6 /* KeychainService.swift in Sources */ = {isa = PBXBuildFile; fileRef = D5738C512768A1E900535AE6 /* KeychainService.swift */; };
		D57DF0DC275E03F6001DB998 /* PostCellModel.swift in Sources */ = {isa = PBXBuildFile; fileRef = D57DF0DB275E03F6001DB998 /* PostCellModel.swift */; };
		D5D20C02276B3358009EDE0F /* SignInViewController.swift in Sources */ = {isa = PBXBuildFile; fileRef = D5D20C01276B3358009EDE0F /* SignInViewController.swift */; };
		D5D20C04276B336B009EDE0F /* SignInPresenter.swift in Sources */ = {isa = PBXBuildFile; fileRef = D5D20C03276B336B009EDE0F /* SignInPresenter.swift */; };
		D5D20C06276B337D009EDE0F /* SignInRouter.swift in Sources */ = {isa = PBXBuildFile; fileRef = D5D20C05276B337D009EDE0F /* SignInRouter.swift */; };
		D5D20C08276B338F009EDE0F /* SignInConfigurator.swift in Sources */ = {isa = PBXBuildFile; fileRef = D5D20C07276B338F009EDE0F /* SignInConfigurator.swift */; };
		D5E3A8DB276B8823004EB5FB /* FormTextField.swift in Sources */ = {isa = PBXBuildFile; fileRef = D5E3A8DA276B8823004EB5FB /* FormTextField.swift */; };
		D71015AB271D9A8A00BDBADF /* FilterConfigurator.swift in Sources */ = {isa = PBXBuildFile; fileRef = D71015AA271D9A8A00BDBADF /* FilterConfigurator.swift */; };
		D721E44E27157A45000D887E /* DetailConfigurator.swift in Sources */ = {isa = PBXBuildFile; fileRef = D721E44D27157A45000D887E /* DetailConfigurator.swift */; };
		D721E45127157A81000D887E /* DetailPresenter.swift in Sources */ = {isa = PBXBuildFile; fileRef = D721E45027157A81000D887E /* DetailPresenter.swift */; };
		D72A1F8227141D3A0016FB27 /* FilterViewController.swift in Sources */ = {isa = PBXBuildFile; fileRef = D72A1F8027141D3A0016FB27 /* FilterViewController.swift */; };
		D72A1F8327141D3A0016FB27 /* FilterViewController.xib in Resources */ = {isa = PBXBuildFile; fileRef = D72A1F8127141D3A0016FB27 /* FilterViewController.xib */; };
		D72A1F8A271456F10016FB27 /* DetailViewController.swift in Sources */ = {isa = PBXBuildFile; fileRef = D72A1F88271456F10016FB27 /* DetailViewController.swift */; };
		D72A1F8B271456F10016FB27 /* DetailViewController.xib in Resources */ = {isa = PBXBuildFile; fileRef = D72A1F89271456F10016FB27 /* DetailViewController.xib */; };
		D72A1F9727147B770016FB27 /* FeedRouter.swift in Sources */ = {isa = PBXBuildFile; fileRef = D72A1F9627147B770016FB27 /* FeedRouter.swift */; };
		D73EBAB527104F5600F24619 /* TableViewCell.swift in Sources */ = {isa = PBXBuildFile; fileRef = D73EBAB327104F5600F24619 /* TableViewCell.swift */; };
		D73EBAB627104F5600F24619 /* TableViewCell.xib in Resources */ = {isa = PBXBuildFile; fileRef = D73EBAB427104F5600F24619 /* TableViewCell.xib */; };
		D75D5AE0274FCC9800B71B61 /* HashService.swift in Sources */ = {isa = PBXBuildFile; fileRef = D75D5ADF274FCC9800B71B61 /* HashService.swift */; };
		D7651EA627102B10007374FE /* AppDelegate.swift in Sources */ = {isa = PBXBuildFile; fileRef = D7651EA527102B10007374FE /* AppDelegate.swift */; };
		D7651EAF27102B17007374FE /* Assets.xcassets in Resources */ = {isa = PBXBuildFile; fileRef = D7651EAE27102B17007374FE /* Assets.xcassets */; };
		D7651EB227102B17007374FE /* LaunchScreen.storyboard in Resources */ = {isa = PBXBuildFile; fileRef = D7651EB027102B17007374FE /* LaunchScreen.storyboard */; };
		D7651EBF27102B6E007374FE /* FeedViewController.swift in Sources */ = {isa = PBXBuildFile; fileRef = D7651EBD27102B6E007374FE /* FeedViewController.swift */; };
		D7651EC027102B6E007374FE /* FeedViewController.xib in Resources */ = {isa = PBXBuildFile; fileRef = D7651EBE27102B6E007374FE /* FeedViewController.xib */; };
		D7651EC527102BC1007374FE /* FeedPresenter.swift in Sources */ = {isa = PBXBuildFile; fileRef = D7651EC427102BC1007374FE /* FeedPresenter.swift */; };
		D7651EC9271040EB007374FE /* NetworkService.swift in Sources */ = {isa = PBXBuildFile; fileRef = D7651EC8271040EB007374FE /* NetworkService.swift */; };
		D7651ECC271043F5007374FE /* NetworkRequest.swift in Sources */ = {isa = PBXBuildFile; fileRef = D7651ECB271043F5007374FE /* NetworkRequest.swift */; };
		D7651ECF27104A49007374FE /* FeedConfigurator.swift in Sources */ = {isa = PBXBuildFile; fileRef = D7651ECE27104A49007374FE /* FeedConfigurator.swift */; };
		D783D1C9271D9BE100E09F06 /* FilterPresenter.swift in Sources */ = {isa = PBXBuildFile; fileRef = D783D1C8271D9BE100E09F06 /* FilterPresenter.swift */; };
		D783D1DB271EFF5500E09F06 /* DetailRouter.swift in Sources */ = {isa = PBXBuildFile; fileRef = D783D1DA271EFF5500E09F06 /* DetailRouter.swift */; };
		D783D1DE271F04B200E09F06 /* FilterRouter.swift in Sources */ = {isa = PBXBuildFile; fileRef = D783D1DD271F04B200E09F06 /* FilterRouter.swift */; };
		D783D1E32720001700E09F06 /* ImageService.swift in Sources */ = {isa = PBXBuildFile; fileRef = D783D1E22720001700E09F06 /* ImageService.swift */; };
		D7966AF727510AE300D82610 /* ImageRequest.swift in Sources */ = {isa = PBXBuildFile; fileRef = D7966AF627510AE300D82610 /* ImageRequest.swift */; };
/* End PBXBuildFile section */

/* Begin PBXFileReference section */
		D50CD47B2771ED37008BF8AB /* DequeueCell.swift */ = {isa = PBXFileReference; lastKnownFileType = sourcecode.swift; path = DequeueCell.swift; sourceTree = "<group>"; };
		D50CD47D2771F662008BF8AB /* SortOption.swift */ = {isa = PBXFileReference; lastKnownFileType = sourcecode.swift; path = SortOption.swift; sourceTree = "<group>"; };
		D523F21F2770C3A0004DBADF /* AppFont.swift */ = {isa = PBXFileReference; fileEncoding = 4; lastKnownFileType = sourcecode.swift; path = AppFont.swift; sourceTree = "<group>"; };
		D523F2212770C3AF004DBADF /* CollectionViewCells.swift */ = {isa = PBXFileReference; fileEncoding = 4; lastKnownFileType = sourcecode.swift; path = CollectionViewCells.swift; sourceTree = "<group>"; };
		D523F2232771D6DA004DBADF /* ValidationError.swift */ = {isa = PBXFileReference; fileEncoding = 4; lastKnownFileType = sourcecode.swift; path = ValidationError.swift; sourceTree = "<group>"; };
		D523F2252771D6E8004DBADF /* String+isAlphanumeric.swift */ = {isa = PBXFileReference; fileEncoding = 4; lastKnownFileType = sourcecode.swift; path = "String+isAlphanumeric.swift"; sourceTree = "<group>"; };
		D523F2272771D70B004DBADF /* Post.swift */ = {isa = PBXFileReference; fileEncoding = 4; lastKnownFileType = sourcecode.swift; path = Post.swift; sourceTree = "<group>"; };
		D523F22C2771D741004DBADF /* ConcretePost.swift */ = {isa = PBXFileReference; fileEncoding = 4; lastKnownFileType = sourcecode.swift; path = ConcretePost.swift; sourceTree = "<group>"; };
		D54BE3FB2760FAC10076C370 /* HomeViewController.swift */ = {isa = PBXFileReference; lastKnownFileType = sourcecode.swift; path = HomeViewController.swift; sourceTree = "<group>"; };
		D54BE3FC2760FAC10076C370 /* HomeViewController.xib */ = {isa = PBXFileReference; lastKnownFileType = file.xib; path = HomeViewController.xib; sourceTree = "<group>"; };
		D54BE3FF2760FBF50076C370 /* CollectionViewCell.swift */ = {isa = PBXFileReference; lastKnownFileType = sourcecode.swift; path = CollectionViewCell.swift; sourceTree = "<group>"; };
		D54EBBD727673FB600148E48 /* SignUpViewController.swift */ = {isa = PBXFileReference; lastKnownFileType = sourcecode.swift; path = SignUpViewController.swift; sourceTree = "<group>"; };
		D54EBBD9276740AA00148E48 /* SignUpPresenter.swift */ = {isa = PBXFileReference; lastKnownFileType = sourcecode.swift; path = SignUpPresenter.swift; sourceTree = "<group>"; };
		D54EBBDB276740B800148E48 /* SignUpConfigurator.swift */ = {isa = PBXFileReference; lastKnownFileType = sourcecode.swift; path = SignUpConfigurator.swift; sourceTree = "<group>"; };
		D557ACD0276B731F003EA877 /* WebViewController.swift */ = {isa = PBXFileReference; lastKnownFileType = sourcecode.swift; path = WebViewController.swift; sourceTree = "<group>"; };
		D557ACD3276B7710003EA877 /* WebPresenter.swift */ = {isa = PBXFileReference; lastKnownFileType = sourcecode.swift; path = WebPresenter.swift; sourceTree = "<group>"; };
		D557ACD5276B7829003EA877 /* WebConfigurator.swift */ = {isa = PBXFileReference; lastKnownFileType = sourcecode.swift; path = WebConfigurator.swift; sourceTree = "<group>"; };
		D557ACD7276B7DD4003EA877 /* WebRouter.swift */ = {isa = PBXFileReference; lastKnownFileType = sourcecode.swift; path = WebRouter.swift; sourceTree = "<group>"; };
		D55FB0BB276A1B4100AAA6DB /* FileManagerExtension.swift */ = {isa = PBXFileReference; lastKnownFileType = sourcecode.swift; path = FileManagerExtension.swift; sourceTree = "<group>"; };
		D55FB0C0276A1C1000AAA6DB /* JSONService.swift */ = {isa = PBXFileReference; lastKnownFileType = sourcecode.swift; path = JSONService.swift; sourceTree = "<group>"; };
		D5604F842768C57A00E07C0C /* UserForm.swift */ = {isa = PBXFileReference; lastKnownFileType = sourcecode.swift; path = UserForm.swift; sourceTree = "<group>"; };
		D5604F862768CDB100E07C0C /* SignUpRouter.swift */ = {isa = PBXFileReference; lastKnownFileType = sourcecode.swift; path = SignUpRouter.swift; sourceTree = "<group>"; };
		D5604F892768CF0F00E07C0C /* BaseNavigationController.swift */ = {isa = PBXFileReference; lastKnownFileType = sourcecode.swift; path = BaseNavigationController.swift; sourceTree = "<group>"; };
		D56B4B0B2763463500CEE6A8 /* SelfSizingCollectionCell.swift */ = {isa = PBXFileReference; lastKnownFileType = sourcecode.swift; path = SelfSizingCollectionCell.swift; sourceTree = "<group>"; };
		D5738C462768962B00535AE6 /* UIViewChildsExtension.swift */ = {isa = PBXFileReference; lastKnownFileType = sourcecode.swift; path = UIViewChildsExtension.swift; sourceTree = "<group>"; };
		D5738C48276896A400535AE6 /* DateExtension.swift */ = {isa = PBXFileReference; lastKnownFileType = sourcecode.swift; path = DateExtension.swift; sourceTree = "<group>"; };
		D5738C4A276896C900535AE6 /* NetworkModel.swift */ = {isa = PBXFileReference; lastKnownFileType = sourcecode.swift; path = NetworkModel.swift; sourceTree = "<group>"; };
		D5738C512768A1E900535AE6 /* KeychainService.swift */ = {isa = PBXFileReference; lastKnownFileType = sourcecode.swift; path = KeychainService.swift; sourceTree = "<group>"; };
		D57DF0DB275E03F6001DB998 /* PostCellModel.swift */ = {isa = PBXFileReference; lastKnownFileType = sourcecode.swift; path = PostCellModel.swift; sourceTree = "<group>"; };
		D5D20C01276B3358009EDE0F /* SignInViewController.swift */ = {isa = PBXFileReference; lastKnownFileType = sourcecode.swift; path = SignInViewController.swift; sourceTree = "<group>"; };
		D5D20C03276B336B009EDE0F /* SignInPresenter.swift */ = {isa = PBXFileReference; lastKnownFileType = sourcecode.swift; path = SignInPresenter.swift; sourceTree = "<group>"; };
		D5D20C05276B337D009EDE0F /* SignInRouter.swift */ = {isa = PBXFileReference; lastKnownFileType = sourcecode.swift; path = SignInRouter.swift; sourceTree = "<group>"; };
		D5D20C07276B338F009EDE0F /* SignInConfigurator.swift */ = {isa = PBXFileReference; lastKnownFileType = sourcecode.swift; path = SignInConfigurator.swift; sourceTree = "<group>"; };
		D5E3A8DA276B8823004EB5FB /* FormTextField.swift */ = {isa = PBXFileReference; lastKnownFileType = sourcecode.swift; path = FormTextField.swift; sourceTree = "<group>"; };
		D71015AA271D9A8A00BDBADF /* FilterConfigurator.swift */ = {isa = PBXFileReference; lastKnownFileType = sourcecode.swift; path = FilterConfigurator.swift; sourceTree = "<group>"; };
		D721E44D27157A45000D887E /* DetailConfigurator.swift */ = {isa = PBXFileReference; lastKnownFileType = sourcecode.swift; path = DetailConfigurator.swift; sourceTree = "<group>"; };
		D721E45027157A81000D887E /* DetailPresenter.swift */ = {isa = PBXFileReference; lastKnownFileType = sourcecode.swift; path = DetailPresenter.swift; sourceTree = "<group>"; };
		D72A1F8027141D3A0016FB27 /* FilterViewController.swift */ = {isa = PBXFileReference; lastKnownFileType = sourcecode.swift; path = FilterViewController.swift; sourceTree = "<group>"; };
		D72A1F8127141D3A0016FB27 /* FilterViewController.xib */ = {isa = PBXFileReference; lastKnownFileType = file.xib; path = FilterViewController.xib; sourceTree = "<group>"; };
		D72A1F88271456F10016FB27 /* DetailViewController.swift */ = {isa = PBXFileReference; lastKnownFileType = sourcecode.swift; path = DetailViewController.swift; sourceTree = "<group>"; };
		D72A1F89271456F10016FB27 /* DetailViewController.xib */ = {isa = PBXFileReference; lastKnownFileType = file.xib; path = DetailViewController.xib; sourceTree = "<group>"; };
		D72A1F9627147B770016FB27 /* FeedRouter.swift */ = {isa = PBXFileReference; lastKnownFileType = sourcecode.swift; path = FeedRouter.swift; sourceTree = "<group>"; };
		D73EBAB327104F5600F24619 /* TableViewCell.swift */ = {isa = PBXFileReference; lastKnownFileType = sourcecode.swift; path = TableViewCell.swift; sourceTree = "<group>"; };
		D73EBAB427104F5600F24619 /* TableViewCell.xib */ = {isa = PBXFileReference; lastKnownFileType = file.xib; path = TableViewCell.xib; sourceTree = "<group>"; };
		D75D5ADF274FCC9800B71B61 /* HashService.swift */ = {isa = PBXFileReference; lastKnownFileType = sourcecode.swift; path = HashService.swift; sourceTree = "<group>"; };
		D7651EA227102B10007374FE /* Posts.demo.app */ = {isa = PBXFileReference; explicitFileType = wrapper.application; includeInIndex = 0; path = Posts.demo.app; sourceTree = BUILT_PRODUCTS_DIR; };
		D7651EA527102B10007374FE /* AppDelegate.swift */ = {isa = PBXFileReference; lastKnownFileType = sourcecode.swift; path = AppDelegate.swift; sourceTree = "<group>"; };
		D7651EAE27102B17007374FE /* Assets.xcassets */ = {isa = PBXFileReference; lastKnownFileType = folder.assetcatalog; path = Assets.xcassets; sourceTree = "<group>"; };
		D7651EB127102B17007374FE /* Base */ = {isa = PBXFileReference; lastKnownFileType = file.storyboard; name = Base; path = Base.lproj/LaunchScreen.storyboard; sourceTree = "<group>"; };
		D7651EB327102B17007374FE /* Info.plist */ = {isa = PBXFileReference; lastKnownFileType = text.plist.xml; path = Info.plist; sourceTree = "<group>"; };
		D7651EBD27102B6E007374FE /* FeedViewController.swift */ = {isa = PBXFileReference; lastKnownFileType = sourcecode.swift; path = FeedViewController.swift; sourceTree = "<group>"; };
		D7651EBE27102B6E007374FE /* FeedViewController.xib */ = {isa = PBXFileReference; lastKnownFileType = file.xib; path = FeedViewController.xib; sourceTree = "<group>"; };
		D7651EC427102BC1007374FE /* FeedPresenter.swift */ = {isa = PBXFileReference; lastKnownFileType = sourcecode.swift; path = FeedPresenter.swift; sourceTree = "<group>"; };
		D7651EC8271040EB007374FE /* NetworkService.swift */ = {isa = PBXFileReference; lastKnownFileType = sourcecode.swift; path = NetworkService.swift; sourceTree = "<group>"; };
		D7651ECB271043F5007374FE /* NetworkRequest.swift */ = {isa = PBXFileReference; lastKnownFileType = sourcecode.swift; path = NetworkRequest.swift; sourceTree = "<group>"; };
		D7651ECE27104A49007374FE /* FeedConfigurator.swift */ = {isa = PBXFileReference; lastKnownFileType = sourcecode.swift; path = FeedConfigurator.swift; sourceTree = "<group>"; };
		D783D1C8271D9BE100E09F06 /* FilterPresenter.swift */ = {isa = PBXFileReference; lastKnownFileType = sourcecode.swift; path = FilterPresenter.swift; sourceTree = "<group>"; };
		D783D1DA271EFF5500E09F06 /* DetailRouter.swift */ = {isa = PBXFileReference; lastKnownFileType = sourcecode.swift; path = DetailRouter.swift; sourceTree = "<group>"; };
		D783D1DD271F04B200E09F06 /* FilterRouter.swift */ = {isa = PBXFileReference; lastKnownFileType = sourcecode.swift; path = FilterRouter.swift; sourceTree = "<group>"; };
		D783D1E22720001700E09F06 /* ImageService.swift */ = {isa = PBXFileReference; lastKnownFileType = sourcecode.swift; path = ImageService.swift; sourceTree = "<group>"; };
		D7966AF627510AE300D82610 /* ImageRequest.swift */ = {isa = PBXFileReference; fileEncoding = 4; lastKnownFileType = sourcecode.swift; name = ImageRequest.swift; path = Posts.demo/Service/ImageService/ImageRequest.swift; sourceTree = SOURCE_ROOT; };
/* End PBXFileReference section */

/* Begin PBXFrameworksBuildPhase section */
		D7651E9F27102B10007374FE /* Frameworks */ = {
			isa = PBXFrameworksBuildPhase;
			buildActionMask = 2147483647;
			files = (
				D5604F822768AA5000E07C0C /* KeychainSwift in Frameworks */,
			);
			runOnlyForDeploymentPostprocessing = 0;
		};
/* End PBXFrameworksBuildPhase section */

/* Begin PBXGroup section */
		D523F22B2771D739004DBADF /* Model */ = {
			isa = PBXGroup;
			children = (
				D523F22C2771D741004DBADF /* ConcretePost.swift */,
			);
			path = Model;
			sourceTree = "<group>";
		};
		D54BE4032760FC040076C370 /* CollectionViewCell */ = {
			isa = PBXGroup;
			children = (
				D54BE3FF2760FBF50076C370 /* CollectionViewCell.swift */,
			);
			path = CollectionViewCell;
			sourceTree = "<group>";
		};
		D54BE4042760FC150076C370 /* TableViewCell */ = {
			isa = PBXGroup;
			children = (
				D73EBAB427104F5600F24619 /* TableViewCell.xib */,
				D73EBAB327104F5600F24619 /* TableViewCell.swift */,
			);
			path = TableViewCell;
			sourceTree = "<group>";
		};
		D54BE4052760FCA10076C370 /* Alternative Feed */ = {
			isa = PBXGroup;
			children = (
				D54BE3FB2760FAC10076C370 /* HomeViewController.swift */,
				D54BE3FC2760FAC10076C370 /* HomeViewController.xib */,
			);
			path = "Alternative Feed";
			sourceTree = "<group>";
		};
		D54EBBD627673F5800148E48 /* Auth */ = {
			isa = PBXGroup;
			children = (
				D5E3A8D8276B8805004EB5FB /* FormTextField */,
				D557ACCF276B7306003EA877 /* TermsOfService */,
				D5604F832768C56200E07C0C /* Model */,
				D5D20C00276B331E009EDE0F /* SignIn */,
				D5D20BFF276B3303009EDE0F /* SignUp */,
			);
			path = Auth;
			sourceTree = "<group>";
		};
		D557ACCF276B7306003EA877 /* TermsOfService */ = {
			isa = PBXGroup;
			children = (
				D557ACD0276B731F003EA877 /* WebViewController.swift */,
				D557ACD3276B7710003EA877 /* WebPresenter.swift */,
				D557ACD5276B7829003EA877 /* WebConfigurator.swift */,
				D557ACD7276B7DD4003EA877 /* WebRouter.swift */,
			);
			path = TermsOfService;
			sourceTree = "<group>";
		};
		D55FB0BD276A1B7A00AAA6DB /* JSONService */ = {
			isa = PBXGroup;
			children = (
				D55FB0C0276A1C1000AAA6DB /* JSONService.swift */,
			);
			path = JSONService;
			sourceTree = "<group>";
		};
		D5604F832768C56200E07C0C /* Model */ = {
			isa = PBXGroup;
			children = (
				D5604F842768C57A00E07C0C /* UserForm.swift */,
				D523F2232771D6DA004DBADF /* ValidationError.swift */,
			);
			path = Model;
			sourceTree = "<group>";
		};
		D5604F882768CEF700E07C0C /* BaseNavigationController */ = {
			isa = PBXGroup;
			children = (
				D5604F892768CF0F00E07C0C /* BaseNavigationController.swift */,
			);
			path = BaseNavigationController;
			sourceTree = "<group>";
		};
		D56B4B0A2763460900CEE6A8 /* SelfSizingCollectionCell */ = {
			isa = PBXGroup;
			children = (
				D56B4B0B2763463500CEE6A8 /* SelfSizingCollectionCell.swift */,
			);
			path = SelfSizingCollectionCell;
			sourceTree = "<group>";
		};
		D5738C45276895E400535AE6 /* Extensions */ = {
			isa = PBXGroup;
			children = (
				D5738C462768962B00535AE6 /* UIViewChildsExtension.swift */,
				D5738C48276896A400535AE6 /* DateExtension.swift */,
				D55FB0BB276A1B4100AAA6DB /* FileManagerExtension.swift */,
				D523F2252771D6E8004DBADF /* String+isAlphanumeric.swift */,
				D523F21F2770C3A0004DBADF /* AppFont.swift */,
				D523F2212770C3AF004DBADF /* CollectionViewCells.swift */,
				D50CD47B2771ED37008BF8AB /* DequeueCell.swift */,
			);
			path = Extensions;
			sourceTree = "<group>";
		};
		D5738C4C276896DF00535AE6 /* Model */ = {
			isa = PBXGroup;
			children = (
				D5738C4A276896C900535AE6 /* NetworkModel.swift */,
				D523F2272771D70B004DBADF /* Post.swift */,
			);
			path = Model;
			sourceTree = "<group>";
		};
		D5738C4E2768A13400535AE6 /* KeychainService */ = {
			isa = PBXGroup;
			children = (
				D5738C512768A1E900535AE6 /* KeychainService.swift */,
			);
			path = KeychainService;
			sourceTree = "<group>";
		};
		D57DF0DA275E03D1001DB998 /* Model */ = {
			isa = PBXGroup;
			children = (
				D57DF0DB275E03F6001DB998 /* PostCellModel.swift */,
			);
			path = Model;
			sourceTree = "<group>";
		};
		D5D20BFF276B3303009EDE0F /* SignUp */ = {
			isa = PBXGroup;
			children = (
				D54EBBD727673FB600148E48 /* SignUpViewController.swift */,
				D54EBBD9276740AA00148E48 /* SignUpPresenter.swift */,
				D5604F862768CDB100E07C0C /* SignUpRouter.swift */,
				D54EBBDB276740B800148E48 /* SignUpConfigurator.swift */,
			);
			path = SignUp;
			sourceTree = "<group>";
		};
		D5D20C00276B331E009EDE0F /* SignIn */ = {
			isa = PBXGroup;
			children = (
				D5D20C01276B3358009EDE0F /* SignInViewController.swift */,
				D5D20C03276B336B009EDE0F /* SignInPresenter.swift */,
				D5D20C05276B337D009EDE0F /* SignInRouter.swift */,
				D5D20C07276B338F009EDE0F /* SignInConfigurator.swift */,
			);
			path = SignIn;
			sourceTree = "<group>";
		};
		D5E3A8D8276B8805004EB5FB /* FormTextField */ = {
			isa = PBXGroup;
			children = (
				D5E3A8DA276B8823004EB5FB /* FormTextField.swift */,
			);
			path = FormTextField;
			sourceTree = "<group>";
		};
		D722F22D27158E5F005D7558 /* Cells */ = {
			isa = PBXGroup;
			children = (
				D56B4B0A2763460900CEE6A8 /* SelfSizingCollectionCell */,
				D54BE4042760FC150076C370 /* TableViewCell */,
				D54BE4032760FC040076C370 /* CollectionViewCell */,
			);
			path = Cells;
			sourceTree = "<group>";
		};
		D72A1F9127147AB10016FB27 /* Detail */ = {
			isa = PBXGroup;
			children = (
				D523F22B2771D739004DBADF /* Model */,
				D72A1F88271456F10016FB27 /* DetailViewController.swift */,
				D721E45027157A81000D887E /* DetailPresenter.swift */,
				D72A1F89271456F10016FB27 /* DetailViewController.xib */,
				D721E44D27157A45000D887E /* DetailConfigurator.swift */,
				D783D1DA271EFF5500E09F06 /* DetailRouter.swift */,
			);
			path = Detail;
			sourceTree = "<group>";
		};
		D72A1F9227147AC40016FB27 /* Filter */ = {
			isa = PBXGroup;
			children = (
				D72A1F8127141D3A0016FB27 /* FilterViewController.xib */,
				D72A1F8027141D3A0016FB27 /* FilterViewController.swift */,
				D71015AA271D9A8A00BDBADF /* FilterConfigurator.swift */,
				D783D1C8271D9BE100E09F06 /* FilterPresenter.swift */,
				D783D1DD271F04B200E09F06 /* FilterRouter.swift */,
				D50CD47D2771F662008BF8AB /* SortOption.swift */,
			);
			path = Filter;
			sourceTree = "<group>";
		};
		D72A1F9327147ACC0016FB27 /* Service */ = {
			isa = PBXGroup;
			children = (
				D55FB0BD276A1B7A00AAA6DB /* JSONService */,
				D5738C4E2768A13400535AE6 /* KeychainService */,
				D75D5ADE274FCC8600B71B61 /* HashService */,
				D783D1E0271FFFF300E09F06 /* ImageService */,
				D783D1E12720000600E09F06 /* ImageRequest */,
				D72A1F9427147AD70016FB27 /* NetworkService */,
				D72A1F9527147AD90016FB27 /* NetworkRequest */,
			);
			path = Service;
			sourceTree = "<group>";
		};
		D72A1F9427147AD70016FB27 /* NetworkService */ = {
			isa = PBXGroup;
			children = (
				D7651EC8271040EB007374FE /* NetworkService.swift */,
			);
			path = NetworkService;
			sourceTree = "<group>";
		};
		D72A1F9527147AD90016FB27 /* NetworkRequest */ = {
			isa = PBXGroup;
			children = (
				D5738C4C276896DF00535AE6 /* Model */,
				D7651ECB271043F5007374FE /* NetworkRequest.swift */,
			);
			path = NetworkRequest;
			sourceTree = "<group>";
		};
		D75D5ADE274FCC8600B71B61 /* HashService */ = {
			isa = PBXGroup;
			children = (
				D75D5ADF274FCC9800B71B61 /* HashService.swift */,
			);
			path = HashService;
			sourceTree = "<group>";
		};
		D7651E9927102B10007374FE = {
			isa = PBXGroup;
			children = (
				D7651EA427102B10007374FE /* Posts.demo */,
				D7651EA327102B10007374FE /* Products */,
			);
			sourceTree = "<group>";
		};
		D7651EA327102B10007374FE /* Products */ = {
			isa = PBXGroup;
			children = (
				D7651EA227102B10007374FE /* Posts.demo.app */,
			);
			name = Products;
			sourceTree = "<group>";
		};
		D7651EA427102B10007374FE /* Posts.demo */ = {
			isa = PBXGroup;
			children = (
				D5738C45276895E400535AE6 /* Extensions */,
				D7651EA527102B10007374FE /* AppDelegate.swift */,
				D72A1F9327147ACC0016FB27 /* Service */,
				D7651EC227102B7B007374FE /* Modules */,
				D7651EAE27102B17007374FE /* Assets.xcassets */,
				D7651EB027102B17007374FE /* LaunchScreen.storyboard */,
				D7651EB327102B17007374FE /* Info.plist */,
			);
			path = Posts.demo;
			sourceTree = "<group>";
		};
		D7651EC227102B7B007374FE /* Modules */ = {
			isa = PBXGroup;
			children = (
				D5604F882768CEF700E07C0C /* BaseNavigationController */,
				D54EBBD627673F5800148E48 /* Auth */,
				D72A1F9227147AC40016FB27 /* Filter */,
				D72A1F9127147AB10016FB27 /* Detail */,
				D7651EC327102B84007374FE /* Feed */,
			);
			path = Modules;
			sourceTree = "<group>";
		};
		D7651EC327102B84007374FE /* Feed */ = {
			isa = PBXGroup;
			children = (
				D54BE4052760FCA10076C370 /* Alternative Feed */,
				D57DF0DA275E03D1001DB998 /* Model */,
				D722F22D27158E5F005D7558 /* Cells */,
				D7651EBE27102B6E007374FE /* FeedViewController.xib */,
				D7651EBD27102B6E007374FE /* FeedViewController.swift */,
				D7651EC427102BC1007374FE /* FeedPresenter.swift */,
				D7651ECE27104A49007374FE /* FeedConfigurator.swift */,
				D72A1F9627147B770016FB27 /* FeedRouter.swift */,
			);
			path = Feed;
			sourceTree = "<group>";
		};
		D783D1E0271FFFF300E09F06 /* ImageService */ = {
			isa = PBXGroup;
			children = (
				D783D1E22720001700E09F06 /* ImageService.swift */,
			);
			name = ImageService;
			path = ImageRequest/ImageService;
			sourceTree = "<group>";
		};
		D783D1E12720000600E09F06 /* ImageRequest */ = {
			isa = PBXGroup;
			children = (
				D7966AF627510AE300D82610 /* ImageRequest.swift */,
			);
			path = ImageRequest;
			sourceTree = "<group>";
		};
/* End PBXGroup section */

/* Begin PBXNativeTarget section */
		D7651EA127102B10007374FE /* Posts.demo */ = {
			isa = PBXNativeTarget;
			buildConfigurationList = D7651EB627102B17007374FE /* Build configuration list for PBXNativeTarget "Posts.demo" */;
			buildPhases = (
				D7651E9E27102B10007374FE /* Sources */,
				D7651E9F27102B10007374FE /* Frameworks */,
				D7651EA027102B10007374FE /* Resources */,
			);
			buildRules = (
			);
			dependencies = (
			);
			name = Posts.demo;
			packageProductDependencies = (
				D5604F812768AA5000E07C0C /* KeychainSwift */,
			);
			productName = Posts.demo;
			productReference = D7651EA227102B10007374FE /* Posts.demo.app */;
			productType = "com.apple.product-type.application";
		};
/* End PBXNativeTarget section */

/* Begin PBXProject section */
		D7651E9A27102B10007374FE /* Project object */ = {
			isa = PBXProject;
			attributes = {
				LastSwiftUpdateCheck = 1240;
				LastUpgradeCheck = 1240;
				TargetAttributes = {
					D7651EA127102B10007374FE = {
						CreatedOnToolsVersion = 12.4;
					};
				};
			};
			buildConfigurationList = D7651E9D27102B10007374FE /* Build configuration list for PBXProject "Posts.demo" */;
			compatibilityVersion = "Xcode 9.3";
			developmentRegion = en;
			hasScannedForEncodings = 0;
			knownRegions = (
				en,
				Base,
			);
			mainGroup = D7651E9927102B10007374FE;
			packageReferences = (
				D5604F802768AA5000E07C0C /* XCRemoteSwiftPackageReference "keychain-swift" */,
			);
			productRefGroup = D7651EA327102B10007374FE /* Products */;
			projectDirPath = "";
			projectRoot = "";
			targets = (
				D7651EA127102B10007374FE /* Posts.demo */,
			);
		};
/* End PBXProject section */

/* Begin PBXResourcesBuildPhase section */
		D7651EA027102B10007374FE /* Resources */ = {
			isa = PBXResourcesBuildPhase;
			buildActionMask = 2147483647;
			files = (
				D7651EB227102B17007374FE /* LaunchScreen.storyboard in Resources */,
				D72A1F8B271456F10016FB27 /* DetailViewController.xib in Resources */,
				D72A1F8327141D3A0016FB27 /* FilterViewController.xib in Resources */,
				D73EBAB627104F5600F24619 /* TableViewCell.xib in Resources */,
				D7651EC027102B6E007374FE /* FeedViewController.xib in Resources */,
				D54BE3FE2760FAC10076C370 /* HomeViewController.xib in Resources */,
				D7651EAF27102B17007374FE /* Assets.xcassets in Resources */,
			);
			runOnlyForDeploymentPostprocessing = 0;
		};
/* End PBXResourcesBuildPhase section */

/* Begin PBXSourcesBuildPhase section */
		D7651E9E27102B10007374FE /* Sources */ = {
			isa = PBXSourcesBuildPhase;
			buildActionMask = 2147483647;
			files = (
				D557ACD1276B731F003EA877 /* WebViewController.swift in Sources */,
				D783D1DB271EFF5500E09F06 /* DetailRouter.swift in Sources */,
				D57DF0DC275E03F6001DB998 /* PostCellModel.swift in Sources */,
				D7651EBF27102B6E007374FE /* FeedViewController.swift in Sources */,
				D721E44E27157A45000D887E /* DetailConfigurator.swift in Sources */,
				D523F2282771D70B004DBADF /* Post.swift in Sources */,
				D54EBBD827673FB600148E48 /* SignUpViewController.swift in Sources */,
				D5D20C08276B338F009EDE0F /* SignInConfigurator.swift in Sources */,
				D54EBBDA276740AA00148E48 /* SignUpPresenter.swift in Sources */,
				D55FB0C1276A1C1000AAA6DB /* JSONService.swift in Sources */,
				D7651EC527102BC1007374FE /* FeedPresenter.swift in Sources */,
				D5738C472768962B00535AE6 /* UIViewChildsExtension.swift in Sources */,
				D50CD47E2771F662008BF8AB /* SortOption.swift in Sources */,
				D523F2202770C3A0004DBADF /* AppFont.swift in Sources */,
				D54BE3FD2760FAC10076C370 /* HomeViewController.swift in Sources */,
				D523F22D2771D741004DBADF /* ConcretePost.swift in Sources */,
				D523F2262771D6E8004DBADF /* String+isAlphanumeric.swift in Sources */,
				D783D1DE271F04B200E09F06 /* FilterRouter.swift in Sources */,
				D72A1F8227141D3A0016FB27 /* FilterViewController.swift in Sources */,
				D75D5AE0274FCC9800B71B61 /* HashService.swift in Sources */,
				D50CD47C2771ED37008BF8AB /* DequeueCell.swift in Sources */,
				D7966AF727510AE300D82610 /* ImageRequest.swift in Sources */,
				D5D20C06276B337D009EDE0F /* SignInRouter.swift in Sources */,
				D557ACD6276B7829003EA877 /* WebConfigurator.swift in Sources */,
				D54EBBDC276740B800148E48 /* SignUpConfigurator.swift in Sources */,
				D7651ECF27104A49007374FE /* FeedConfigurator.swift in Sources */,
				D7651EC9271040EB007374FE /* NetworkService.swift in Sources */,
				D71015AB271D9A8A00BDBADF /* FilterConfigurator.swift in Sources */,
				D55FB0BC276A1B4100AAA6DB /* FileManagerExtension.swift in Sources */,
				D557ACD4276B7710003EA877 /* WebPresenter.swift in Sources */,
				D557ACD8276B7DD4003EA877 /* WebRouter.swift in Sources */,
				D72A1F9727147B770016FB27 /* FeedRouter.swift in Sources */,
				D7651EA627102B10007374FE /* AppDelegate.swift in Sources */,
				D73EBAB527104F5600F24619 /* TableViewCell.swift in Sources */,
				D523F2242771D6DA004DBADF /* ValidationError.swift in Sources */,
				D54BE4012760FBF50076C370 /* CollectionViewCell.swift in Sources */,
				D72A1F8A271456F10016FB27 /* DetailViewController.swift in Sources */,
				D783D1E32720001700E09F06 /* ImageService.swift in Sources */,
				D5738C49276896A400535AE6 /* DateExtension.swift in Sources */,
				D56B4B0C2763463500CEE6A8 /* SelfSizingCollectionCell.swift in Sources */,
				D5738C4B276896C900535AE6 /* NetworkModel.swift in Sources */,
				D5604F852768C57A00E07C0C /* UserForm.swift in Sources */,
				D5D20C04276B336B009EDE0F /* SignInPresenter.swift in Sources */,
				D721E45127157A81000D887E /* DetailPresenter.swift in Sources */,
				D523F2222770C3AF004DBADF /* CollectionViewCells.swift in Sources */,
				D783D1C9271D9BE100E09F06 /* FilterPresenter.swift in Sources */,
				D5604F8A2768CF0F00E07C0C /* BaseNavigationController.swift in Sources */,
				D5D20C02276B3358009EDE0F /* SignInViewController.swift in Sources */,
				D5738C522768A1E900535AE6 /* KeychainService.swift in Sources */,
				D5604F872768CDB100E07C0C /* SignUpRouter.swift in Sources */,
				D7651ECC271043F5007374FE /* NetworkRequest.swift in Sources */,
				D5E3A8DB276B8823004EB5FB /* FormTextField.swift in Sources */,
			);
			runOnlyForDeploymentPostprocessing = 0;
		};
/* End PBXSourcesBuildPhase section */

/* Begin PBXVariantGroup section */
		D7651EB027102B17007374FE /* LaunchScreen.storyboard */ = {
			isa = PBXVariantGroup;
			children = (
				D7651EB127102B17007374FE /* Base */,
			);
			name = LaunchScreen.storyboard;
			sourceTree = "<group>";
		};
/* End PBXVariantGroup section */

/* Begin XCBuildConfiguration section */
		D7651EB427102B17007374FE /* Debug */ = {
			isa = XCBuildConfiguration;
			buildSettings = {
				ALWAYS_SEARCH_USER_PATHS = NO;
				CLANG_ANALYZER_NONNULL = YES;
				CLANG_ANALYZER_NUMBER_OBJECT_CONVERSION = YES_AGGRESSIVE;
				CLANG_CXX_LANGUAGE_STANDARD = "gnu++14";
				CLANG_CXX_LIBRARY = "libc++";
				CLANG_ENABLE_MODULES = YES;
				CLANG_ENABLE_OBJC_ARC = YES;
				CLANG_ENABLE_OBJC_WEAK = YES;
				CLANG_WARN_BLOCK_CAPTURE_AUTORELEASING = YES;
				CLANG_WARN_BOOL_CONVERSION = YES;
				CLANG_WARN_COMMA = YES;
				CLANG_WARN_CONSTANT_CONVERSION = YES;
				CLANG_WARN_DEPRECATED_OBJC_IMPLEMENTATIONS = YES;
				CLANG_WARN_DIRECT_OBJC_ISA_USAGE = YES_ERROR;
				CLANG_WARN_DOCUMENTATION_COMMENTS = YES;
				CLANG_WARN_EMPTY_BODY = YES;
				CLANG_WARN_ENUM_CONVERSION = YES;
				CLANG_WARN_INFINITE_RECURSION = YES;
				CLANG_WARN_INT_CONVERSION = YES;
				CLANG_WARN_NON_LITERAL_NULL_CONVERSION = YES;
				CLANG_WARN_OBJC_IMPLICIT_RETAIN_SELF = YES;
				CLANG_WARN_OBJC_LITERAL_CONVERSION = YES;
				CLANG_WARN_OBJC_ROOT_CLASS = YES_ERROR;
				CLANG_WARN_QUOTED_INCLUDE_IN_FRAMEWORK_HEADER = YES;
				CLANG_WARN_RANGE_LOOP_ANALYSIS = YES;
				CLANG_WARN_STRICT_PROTOTYPES = YES;
				CLANG_WARN_SUSPICIOUS_MOVE = YES;
				CLANG_WARN_UNGUARDED_AVAILABILITY = YES_AGGRESSIVE;
				CLANG_WARN_UNREACHABLE_CODE = YES;
				CLANG_WARN__DUPLICATE_METHOD_MATCH = YES;
				COPY_PHASE_STRIP = NO;
				DEBUG_INFORMATION_FORMAT = dwarf;
				ENABLE_STRICT_OBJC_MSGSEND = YES;
				ENABLE_TESTABILITY = YES;
				GCC_C_LANGUAGE_STANDARD = gnu11;
				GCC_DYNAMIC_NO_PIC = NO;
				GCC_NO_COMMON_BLOCKS = YES;
				GCC_OPTIMIZATION_LEVEL = 0;
				GCC_PREPROCESSOR_DEFINITIONS = (
					"DEBUG=1",
					"$(inherited)",
				);
				GCC_WARN_64_TO_32_BIT_CONVERSION = YES;
				GCC_WARN_ABOUT_RETURN_TYPE = YES_ERROR;
				GCC_WARN_UNDECLARED_SELECTOR = YES;
				GCC_WARN_UNINITIALIZED_AUTOS = YES_AGGRESSIVE;
				GCC_WARN_UNUSED_FUNCTION = YES;
				GCC_WARN_UNUSED_VARIABLE = YES;
				IPHONEOS_DEPLOYMENT_TARGET = 14.4;
				MTL_ENABLE_DEBUG_INFO = INCLUDE_SOURCE;
				MTL_FAST_MATH = YES;
				ONLY_ACTIVE_ARCH = YES;
				SDKROOT = iphoneos;
				SWIFT_ACTIVE_COMPILATION_CONDITIONS = DEBUG;
				SWIFT_OPTIMIZATION_LEVEL = "-Onone";
			};
			name = Debug;
		};
		D7651EB527102B17007374FE /* Release */ = {
			isa = XCBuildConfiguration;
			buildSettings = {
				ALWAYS_SEARCH_USER_PATHS = NO;
				CLANG_ANALYZER_NONNULL = YES;
				CLANG_ANALYZER_NUMBER_OBJECT_CONVERSION = YES_AGGRESSIVE;
				CLANG_CXX_LANGUAGE_STANDARD = "gnu++14";
				CLANG_CXX_LIBRARY = "libc++";
				CLANG_ENABLE_MODULES = YES;
				CLANG_ENABLE_OBJC_ARC = YES;
				CLANG_ENABLE_OBJC_WEAK = YES;
				CLANG_WARN_BLOCK_CAPTURE_AUTORELEASING = YES;
				CLANG_WARN_BOOL_CONVERSION = YES;
				CLANG_WARN_COMMA = YES;
				CLANG_WARN_CONSTANT_CONVERSION = YES;
				CLANG_WARN_DEPRECATED_OBJC_IMPLEMENTATIONS = YES;
				CLANG_WARN_DIRECT_OBJC_ISA_USAGE = YES_ERROR;
				CLANG_WARN_DOCUMENTATION_COMMENTS = YES;
				CLANG_WARN_EMPTY_BODY = YES;
				CLANG_WARN_ENUM_CONVERSION = YES;
				CLANG_WARN_INFINITE_RECURSION = YES;
				CLANG_WARN_INT_CONVERSION = YES;
				CLANG_WARN_NON_LITERAL_NULL_CONVERSION = YES;
				CLANG_WARN_OBJC_IMPLICIT_RETAIN_SELF = YES;
				CLANG_WARN_OBJC_LITERAL_CONVERSION = YES;
				CLANG_WARN_OBJC_ROOT_CLASS = YES_ERROR;
				CLANG_WARN_QUOTED_INCLUDE_IN_FRAMEWORK_HEADER = YES;
				CLANG_WARN_RANGE_LOOP_ANALYSIS = YES;
				CLANG_WARN_STRICT_PROTOTYPES = YES;
				CLANG_WARN_SUSPICIOUS_MOVE = YES;
				CLANG_WARN_UNGUARDED_AVAILABILITY = YES_AGGRESSIVE;
				CLANG_WARN_UNREACHABLE_CODE = YES;
				CLANG_WARN__DUPLICATE_METHOD_MATCH = YES;
				COPY_PHASE_STRIP = NO;
				DEBUG_INFORMATION_FORMAT = "dwarf-with-dsym";
				ENABLE_NS_ASSERTIONS = NO;
				ENABLE_STRICT_OBJC_MSGSEND = YES;
				GCC_C_LANGUAGE_STANDARD = gnu11;
				GCC_NO_COMMON_BLOCKS = YES;
				GCC_WARN_64_TO_32_BIT_CONVERSION = YES;
				GCC_WARN_ABOUT_RETURN_TYPE = YES_ERROR;
				GCC_WARN_UNDECLARED_SELECTOR = YES;
				GCC_WARN_UNINITIALIZED_AUTOS = YES_AGGRESSIVE;
				GCC_WARN_UNUSED_FUNCTION = YES;
				GCC_WARN_UNUSED_VARIABLE = YES;
				IPHONEOS_DEPLOYMENT_TARGET = 14.4;
				MTL_ENABLE_DEBUG_INFO = NO;
				MTL_FAST_MATH = YES;
				SDKROOT = iphoneos;
				SWIFT_COMPILATION_MODE = wholemodule;
				SWIFT_OPTIMIZATION_LEVEL = "-O";
				VALIDATE_PRODUCT = YES;
			};
			name = Release;
		};
		D7651EB727102B17007374FE /* Debug */ = {
			isa = XCBuildConfiguration;
			buildSettings = {
				ASSETCATALOG_COMPILER_APPICON_NAME = AppIcon;
				ASSETCATALOG_COMPILER_GLOBAL_ACCENT_COLOR_NAME = AccentColor;
				CODE_SIGN_IDENTITY = "Apple Development";
				CODE_SIGN_STYLE = Automatic;
				DEVELOPMENT_TEAM = Q56VS4BVK4;
				INFOPLIST_FILE = Posts.demo/Info.plist;
				LD_RUNPATH_SEARCH_PATHS = (
					"$(inherited)",
					"@executable_path/Frameworks",
				);
				PRODUCT_BUNDLE_IDENTIFIER = "qwe.Posts-demo";
				PRODUCT_NAME = "$(TARGET_NAME)";
				PROVISIONING_PROFILE_SPECIFIER = "";
				SWIFT_VERSION = 5.0;
				TARGETED_DEVICE_FAMILY = "1,2";
			};
			name = Debug;
		};
		D7651EB827102B17007374FE /* Release */ = {
			isa = XCBuildConfiguration;
			buildSettings = {
				ASSETCATALOG_COMPILER_APPICON_NAME = AppIcon;
				ASSETCATALOG_COMPILER_GLOBAL_ACCENT_COLOR_NAME = AccentColor;
				CODE_SIGN_IDENTITY = "Apple Development";
				CODE_SIGN_STYLE = Automatic;
				DEVELOPMENT_TEAM = Q56VS4BVK4;
				INFOPLIST_FILE = Posts.demo/Info.plist;
				LD_RUNPATH_SEARCH_PATHS = (
					"$(inherited)",
					"@executable_path/Frameworks",
				);
				PRODUCT_BUNDLE_IDENTIFIER = "qwe.Posts-demo";
				PRODUCT_NAME = "$(TARGET_NAME)";
				PROVISIONING_PROFILE_SPECIFIER = "";
				SWIFT_VERSION = 5.0;
				TARGETED_DEVICE_FAMILY = "1,2";
			};
			name = Release;
		};
/* End XCBuildConfiguration section */

/* Begin XCConfigurationList section */
		D7651E9D27102B10007374FE /* Build configuration list for PBXProject "Posts.demo" */ = {
			isa = XCConfigurationList;
			buildConfigurations = (
				D7651EB427102B17007374FE /* Debug */,
				D7651EB527102B17007374FE /* Release */,
			);
			defaultConfigurationIsVisible = 0;
			defaultConfigurationName = Release;
		};
		D7651EB627102B17007374FE /* Build configuration list for PBXNativeTarget "Posts.demo" */ = {
			isa = XCConfigurationList;
			buildConfigurations = (
				D7651EB727102B17007374FE /* Debug */,
				D7651EB827102B17007374FE /* Release */,
			);
			defaultConfigurationIsVisible = 0;
			defaultConfigurationName = Release;
		};
/* End XCConfigurationList section */

/* Begin XCRemoteSwiftPackageReference section */
		D5604F802768AA5000E07C0C /* XCRemoteSwiftPackageReference "keychain-swift" */ = {
			isa = XCRemoteSwiftPackageReference;
			repositoryURL = "https://github.com/evgenyneu/keychain-swift.git";
			requirement = {
				branch = master;
				kind = branch;
			};
		};
/* End XCRemoteSwiftPackageReference section */

/* Begin XCSwiftPackageProductDependency section */
		D5604F812768AA5000E07C0C /* KeychainSwift */ = {
			isa = XCSwiftPackageProductDependency;
			package = D5604F802768AA5000E07C0C /* XCRemoteSwiftPackageReference "keychain-swift" */;
			productName = KeychainSwift;
		};
/* End XCSwiftPackageProductDependency section */
	};
	rootObject = D7651E9A27102B10007374FE /* Project object */;
}
